// !$*UTF8*$!
{
	archiveVersion = 1;
	classes = {
	};
	objectVersion = 46;
	objects = {

/* Begin PBXBuildFile section */
		069290D61EE3B950001F7F20 /* QueryBuilder.swift in Sources */ = {isa = PBXBuildFile; fileRef = 069290D51EE3B950001F7F20 /* QueryBuilder.swift */; };
		069290DA1EE3BD12001F7F20 /* QueryBuilders.swift in Sources */ = {isa = PBXBuildFile; fileRef = 069290D91EE3BD12001F7F20 /* QueryBuilders.swift */; };
		069290DC1EE3C62F001F7F20 /* Query.swift in Sources */ = {isa = PBXBuildFile; fileRef = 069290DB1EE3C62F001F7F20 /* Query.swift */; };
		069290DE1EE3EB90001F7F20 /* Sort.swift in Sources */ = {isa = PBXBuildFile; fileRef = 069290DD1EE3EB90001F7F20 /* Sort.swift */; };
		06E71FE71EF78C3900A9A3B2 /* Utils.swift in Sources */ = {isa = PBXBuildFile; fileRef = 06E71FE61EF78C3900A9A3B2 /* Utils.swift */; };
		06E71FEA1EF7A13000A9A3B2 /* Indices.swift in Sources */ = {isa = PBXBuildFile; fileRef = 06E71FE91EF7A13000A9A3B2 /* Indices.swift */; };
		06E71FEC1EF7A1C500A9A3B2 /* Clusters.swift in Sources */ = {isa = PBXBuildFile; fileRef = 06E71FEB1EF7A1C500A9A3B2 /* Clusters.swift */; };
		06E71FEE1EF7A87D00A9A3B2 /* IndicesRequests.swift in Sources */ = {isa = PBXBuildFile; fileRef = 06E71FED1EF7A87D00A9A3B2 /* IndicesRequests.swift */; };
		06E71FF01EF7AC4000A9A3B2 /* Admin.swift in Sources */ = {isa = PBXBuildFile; fileRef = 06E71FEF1EF7AC4000A9A3B2 /* Admin.swift */; };
		06FA8DCD1EDDDE50003BC28C /* Request.swift in Sources */ = {isa = PBXBuildFile; fileRef = 06FA8DCC1EDDDE50003BC28C /* Request.swift */; };
		06FA8DCF1EDDDE78003BC28C /* Response.swift in Sources */ = {isa = PBXBuildFile; fileRef = 06FA8DCE1EDDDE78003BC28C /* Response.swift */; };
		06FA8DD11EDEAF88003BC28C /* GetRequest.swift in Sources */ = {isa = PBXBuildFile; fileRef = 06FA8DD01EDEAF88003BC28C /* GetRequest.swift */; };
		06FA8DD31EDF5556003BC28C /* UpdateRequest.swift in Sources */ = {isa = PBXBuildFile; fileRef = 06FA8DD21EDF5556003BC28C /* UpdateRequest.swift */; };
		06FA8DD51EDF5565003BC28C /* DeleteRequest.swift in Sources */ = {isa = PBXBuildFile; fileRef = 06FA8DD41EDF5565003BC28C /* DeleteRequest.swift */; };
		06FA8DD71EDF5574003BC28C /* SearchRequest.swift in Sources */ = {isa = PBXBuildFile; fileRef = 06FA8DD61EDF5574003BC28C /* SearchRequest.swift */; };
		06FB58371FAE42B10067E4D7 /* ResponseSerialization.swift in Sources */ = {isa = PBXBuildFile; fileRef = 06FB58361FAE42B10067E4D7 /* ResponseSerialization.swift */; };
		OBJ_106 /* ElasticSwiftTests.swift in Sources */ = {isa = PBXBuildFile; fileRef = OBJ_21 /* ElasticSwiftTests.swift */; };
		OBJ_110 /* ElasticSwift.framework in Frameworks */ = {isa = PBXBuildFile; fileRef = OBJ_47 /* ElasticSwift.framework */; };
		OBJ_87 /* SessionManager.swift in Sources */ = {isa = PBXBuildFile; fileRef = OBJ_10 /* SessionManager.swift */; };
		OBJ_88 /* ElasticSwift.swift in Sources */ = {isa = PBXBuildFile; fileRef = OBJ_11 /* ElasticSwift.swift */; };
		OBJ_89 /* Errors.swift in Sources */ = {isa = PBXBuildFile; fileRef = OBJ_12 /* Errors.swift */; };
		OBJ_90 /* IndexRequest.swift in Sources */ = {isa = PBXBuildFile; fileRef = OBJ_13 /* IndexRequest.swift */; };
		OBJ_95 /* Transport.swift in Sources */ = {isa = PBXBuildFile; fileRef = OBJ_18 /* Transport.swift */; };
/* End PBXBuildFile section */

/* Begin PBXContainerItemProxy section */
		06FA8DC41EDDD292003BC28C /* PBXContainerItemProxy */ = {
			isa = PBXContainerItemProxy;
			containerPortal = OBJ_1 /* Project object */;
			proxyType = 1;
			remoteGlobalIDString = OBJ_80;
			remoteInfo = ElasticSwift;
		};
/* End PBXContainerItemProxy section */

/* Begin PBXFileReference section */
		066F2E061F04E12F003DCDF8 /* README.md */ = {isa = PBXFileReference; fileEncoding = 4; lastKnownFileType = net.daringfireball.markdown; path = README.md; sourceTree = "<group>"; };
		069290D51EE3B950001F7F20 /* QueryBuilder.swift */ = {isa = PBXFileReference; fileEncoding = 4; lastKnownFileType = sourcecode.swift; path = QueryBuilder.swift; sourceTree = "<group>"; };
		069290D91EE3BD12001F7F20 /* QueryBuilders.swift */ = {isa = PBXFileReference; fileEncoding = 4; lastKnownFileType = sourcecode.swift; path = QueryBuilders.swift; sourceTree = "<group>"; };
		069290DB1EE3C62F001F7F20 /* Query.swift */ = {isa = PBXFileReference; fileEncoding = 4; lastKnownFileType = sourcecode.swift; path = Query.swift; sourceTree = "<group>"; };
		069290DD1EE3EB90001F7F20 /* Sort.swift */ = {isa = PBXFileReference; fileEncoding = 4; lastKnownFileType = sourcecode.swift; path = Sort.swift; sourceTree = "<group>"; };
		06E71FE61EF78C3900A9A3B2 /* Utils.swift */ = {isa = PBXFileReference; fileEncoding = 4; lastKnownFileType = sourcecode.swift; path = Utils.swift; sourceTree = "<group>"; };
		06E71FE91EF7A13000A9A3B2 /* Indices.swift */ = {isa = PBXFileReference; fileEncoding = 4; lastKnownFileType = sourcecode.swift; path = Indices.swift; sourceTree = "<group>"; };
		06E71FEB1EF7A1C500A9A3B2 /* Clusters.swift */ = {isa = PBXFileReference; fileEncoding = 4; lastKnownFileType = sourcecode.swift; path = Clusters.swift; sourceTree = "<group>"; };
		06E71FED1EF7A87D00A9A3B2 /* IndicesRequests.swift */ = {isa = PBXFileReference; fileEncoding = 4; lastKnownFileType = sourcecode.swift; path = IndicesRequests.swift; sourceTree = "<group>"; };
		06E71FEF1EF7AC4000A9A3B2 /* Admin.swift */ = {isa = PBXFileReference; fileEncoding = 4; lastKnownFileType = sourcecode.swift; path = Admin.swift; sourceTree = "<group>"; };
		06FA8DCC1EDDDE50003BC28C /* Request.swift */ = {isa = PBXFileReference; fileEncoding = 4; lastKnownFileType = sourcecode.swift; path = Request.swift; sourceTree = "<group>"; };
		06FA8DCE1EDDDE78003BC28C /* Response.swift */ = {isa = PBXFileReference; fileEncoding = 4; lastKnownFileType = sourcecode.swift; path = Response.swift; sourceTree = "<group>"; };
		06FA8DD01EDEAF88003BC28C /* GetRequest.swift */ = {isa = PBXFileReference; fileEncoding = 4; lastKnownFileType = sourcecode.swift; path = GetRequest.swift; sourceTree = "<group>"; };
		06FA8DD21EDF5556003BC28C /* UpdateRequest.swift */ = {isa = PBXFileReference; fileEncoding = 4; lastKnownFileType = sourcecode.swift; path = UpdateRequest.swift; sourceTree = "<group>"; };
		06FA8DD41EDF5565003BC28C /* DeleteRequest.swift */ = {isa = PBXFileReference; fileEncoding = 4; lastKnownFileType = sourcecode.swift; path = DeleteRequest.swift; sourceTree = "<group>"; };
		06FA8DD61EDF5574003BC28C /* SearchRequest.swift */ = {isa = PBXFileReference; fileEncoding = 4; lastKnownFileType = sourcecode.swift; path = SearchRequest.swift; sourceTree = "<group>"; };
		06FB58361FAE42B10067E4D7 /* ResponseSerialization.swift */ = {isa = PBXFileReference; fileEncoding = 4; lastKnownFileType = sourcecode.swift; path = ResponseSerialization.swift; sourceTree = "<group>"; };
		OBJ_10 /* SessionManager.swift */ = {isa = PBXFileReference; lastKnownFileType = sourcecode.swift; path = SessionManager.swift; sourceTree = "<group>"; };
		OBJ_11 /* ElasticSwift.swift */ = {isa = PBXFileReference; lastKnownFileType = sourcecode.swift; path = ElasticSwift.swift; sourceTree = "<group>"; };
		OBJ_12 /* Errors.swift */ = {isa = PBXFileReference; lastKnownFileType = sourcecode.swift; path = Errors.swift; sourceTree = "<group>"; };
		OBJ_13 /* IndexRequest.swift */ = {isa = PBXFileReference; lastKnownFileType = sourcecode.swift; path = IndexRequest.swift; sourceTree = "<group>"; };
		OBJ_18 /* Transport.swift */ = {isa = PBXFileReference; lastKnownFileType = sourcecode.swift; path = Transport.swift; sourceTree = "<group>"; };
		OBJ_21 /* ElasticSwiftTests.swift */ = {isa = PBXFileReference; lastKnownFileType = sourcecode.swift; path = ElasticSwiftTests.swift; sourceTree = "<group>"; };
		OBJ_47 /* ElasticSwift.framework */ = {isa = PBXFileReference; explicitFileType = wrapper.framework; path = ElasticSwift.framework; sourceTree = BUILT_PRODUCTS_DIR; };
		OBJ_48 /* ElasticSwiftTests.xctest */ = {isa = PBXFileReference; explicitFileType = wrapper.cfbundle; path = ElasticSwiftTests.xctest; sourceTree = BUILT_PRODUCTS_DIR; };
		OBJ_6 /* Package.swift */ = {isa = PBXFileReference; explicitFileType = sourcecode.swift; path = Package.swift; sourceTree = "<group>"; };
/* End PBXFileReference section */

/* Begin PBXFrameworksBuildPhase section */
		OBJ_107 /* Frameworks */ = {
			isa = PBXFrameworksBuildPhase;
			buildActionMask = 0;
			files = (
				OBJ_110 /* ElasticSwift.framework in Frameworks */,
			);
			runOnlyForDeploymentPostprocessing = 0;
		};
		OBJ_96 /* Frameworks */ = {
			isa = PBXFrameworksBuildPhase;
			buildActionMask = 0;
			files = (
			);
			runOnlyForDeploymentPostprocessing = 0;
		};
/* End PBXFrameworksBuildPhase section */

/* Begin PBXGroup section */
		06FB582C1FAE40430067E4D7 /* Responses */ = {
			isa = PBXGroup;
			children = (
				06FA8DCE1EDDDE78003BC28C /* Response.swift */,
			);
			path = Responses;
			sourceTree = "<group>";
		};
		06FB582D1FAE40920067E4D7 /* Requests */ = {
			isa = PBXGroup;
			children = (
				OBJ_13 /* IndexRequest.swift */,
				06FA8DCC1EDDDE50003BC28C /* Request.swift */,
				06FA8DD01EDEAF88003BC28C /* GetRequest.swift */,
				06FA8DD21EDF5556003BC28C /* UpdateRequest.swift */,
				06FA8DD41EDF5565003BC28C /* DeleteRequest.swift */,
				06FA8DD61EDF5574003BC28C /* SearchRequest.swift */,
				06E71FED1EF7A87D00A9A3B2 /* IndicesRequests.swift */,
			);
			path = Requests;
			sourceTree = "<group>";
		};
		06FB582E1FAE40D20067E4D7 /* Utils */ = {
			isa = PBXGroup;
			children = (
				06E71FE61EF78C3900A9A3B2 /* Utils.swift */,
			);
			path = Utils;
			sourceTree = "<group>";
		};
		06FB582F1FAE40F50067E4D7 /* Queries */ = {
			isa = PBXGroup;
			children = (
				069290D51EE3B950001F7F20 /* QueryBuilder.swift */,
				069290D91EE3BD12001F7F20 /* QueryBuilders.swift */,
				069290DB1EE3C62F001F7F20 /* Query.swift */,
				069290DD1EE3EB90001F7F20 /* Sort.swift */,
			);
			path = Queries;
			sourceTree = "<group>";
		};
		06FB58301FAE411E0067E4D7 /* Errors */ = {
			isa = PBXGroup;
			children = (
				OBJ_12 /* Errors.swift */,
			);
			path = Errors;
			sourceTree = "<group>";
		};
		06FB58331FAE417C0067E4D7 /* Admin */ = {
			isa = PBXGroup;
			children = (
				06E71FE91EF7A13000A9A3B2 /* Indices.swift */,
				06E71FEB1EF7A1C500A9A3B2 /* Clusters.swift */,
				06E71FEF1EF7AC4000A9A3B2 /* Admin.swift */,
			);
			path = Admin;
			sourceTree = "<group>";
		};
		06FB58341FAE419C0067E4D7 /* Networking */ = {
			isa = PBXGroup;
			children = (
				OBJ_10 /* SessionManager.swift */,
			);
			path = Networking;
			sourceTree = "<group>";
		};
		06FB58351FAE42B10067E4D7 /* Serialization */ = {
			isa = PBXGroup;
			children = (
				06FB58361FAE42B10067E4D7 /* ResponseSerialization.swift */,
			);
			name = Serialization;
			path = Sources/Serialization;
			sourceTree = SOURCE_ROOT;
		};
		OBJ_19 /* Tests */ = {
			isa = PBXGroup;
			children = (
				OBJ_20 /* ElasticSwiftTests */,
			);
			name = Tests;
			sourceTree = SOURCE_ROOT;
		};
		OBJ_20 /* ElasticSwiftTests */ = {
			isa = PBXGroup;
			children = (
				OBJ_21 /* ElasticSwiftTests.swift */,
			);
			name = ElasticSwiftTests;
			path = Tests/ElasticSwiftTests;
			sourceTree = SOURCE_ROOT;
		};
		OBJ_44 /* Products */ = {
			isa = PBXGroup;
			children = (
				OBJ_47 /* ElasticSwift.framework */,
				OBJ_48 /* ElasticSwiftTests.xctest */,
			);
			name = Products;
			sourceTree = BUILT_PRODUCTS_DIR;
		};
		OBJ_5 = {
			isa = PBXGroup;
			children = (
				066F2E061F04E12F003DCDF8 /* README.md */,
				OBJ_6 /* Package.swift */,
				OBJ_7 /* Sources */,
				OBJ_19 /* Tests */,
				OBJ_44 /* Products */,
			);
			sourceTree = "<group>";
		};
		OBJ_7 /* Sources */ = {
			isa = PBXGroup;
			children = (
				06FB58351FAE42B10067E4D7 /* Serialization */,
				06FB58331FAE417C0067E4D7 /* Admin */,
				06FB58341FAE419C0067E4D7 /* Networking */,
				06FB58301FAE411E0067E4D7 /* Errors */,
				06FB582F1FAE40F50067E4D7 /* Queries */,
				06FB582D1FAE40920067E4D7 /* Requests */,
				06FB582C1FAE40430067E4D7 /* Responses */,
				06FB582E1FAE40D20067E4D7 /* Utils */,
				OBJ_11 /* ElasticSwift.swift */,
				OBJ_18 /* Transport.swift */,
			);
			path = Sources;
			sourceTree = SOURCE_ROOT;
		};
/* End PBXGroup section */

/* Begin PBXNativeTarget section */
		OBJ_101 /* ElasticSwiftTests */ = {
			isa = PBXNativeTarget;
			buildConfigurationList = OBJ_102 /* Build configuration list for PBXNativeTarget "ElasticSwiftTests" */;
			buildPhases = (
				OBJ_105 /* Sources */,
				OBJ_107 /* Frameworks */,
			);
			buildRules = (
			);
			dependencies = (
				OBJ_113 /* PBXTargetDependency */,
			);
			name = ElasticSwiftTests;
			productName = ElasticSwiftTests;
			productReference = OBJ_48 /* ElasticSwiftTests.xctest */;
			productType = "com.apple.product-type.bundle.unit-test";
		};
		OBJ_80 /* ElasticSwift */ = {
			isa = PBXNativeTarget;
			buildConfigurationList = OBJ_81 /* Build configuration list for PBXNativeTarget "ElasticSwift" */;
			buildPhases = (
				OBJ_84 /* Sources */,
				OBJ_96 /* Frameworks */,
			);
			buildRules = (
			);
			dependencies = (
			);
			name = ElasticSwift;
			productName = ElasticSwift;
			productReference = OBJ_47 /* ElasticSwift.framework */;
			productType = "com.apple.product-type.framework";
		};
/* End PBXNativeTarget section */

/* Begin PBXProject section */
		OBJ_1 /* Project object */ = {
			isa = PBXProject;
			attributes = {
				LastUpgradeCheck = 0900;
				TargetAttributes = {
					OBJ_101 = {
						LastSwiftMigration = 0900;
					};
					OBJ_80 = {
						DevelopmentTeam = QW3346JMC7;
						LastSwiftMigration = 0900;
						ProvisioningStyle = Automatic;
					};
				};
			};
			buildConfigurationList = OBJ_2 /* Build configuration list for PBXProject "ElasticSwift" */;
			compatibilityVersion = "Xcode 3.2";
			developmentRegion = English;
			hasScannedForEncodings = 0;
			knownRegions = (
				en,
			);
			mainGroup = OBJ_5;
			productRefGroup = OBJ_44 /* Products */;
			projectDirPath = "";
			projectRoot = "";
			targets = (
				OBJ_80 /* ElasticSwift */,
				OBJ_101 /* ElasticSwiftTests */,
			);
		};
/* End PBXProject section */

/* Begin PBXSourcesBuildPhase section */
		OBJ_105 /* Sources */ = {
			isa = PBXSourcesBuildPhase;
			buildActionMask = 0;
			files = (
				OBJ_106 /* ElasticSwiftTests.swift in Sources */,
			);
			runOnlyForDeploymentPostprocessing = 0;
		};
		OBJ_84 /* Sources */ = {
			isa = PBXSourcesBuildPhase;
			buildActionMask = 0;
			files = (
				06FA8DD71EDF5574003BC28C /* SearchRequest.swift in Sources */,
				06E71FEA1EF7A13000A9A3B2 /* Indices.swift in Sources */,
				069290DC1EE3C62F001F7F20 /* Query.swift in Sources */,
				06FA8DD11EDEAF88003BC28C /* GetRequest.swift in Sources */,
				06FA8DCD1EDDDE50003BC28C /* Request.swift in Sources */,
				OBJ_87 /* SessionManager.swift in Sources */,
				069290DE1EE3EB90001F7F20 /* Sort.swift in Sources */,
				069290D61EE3B950001F7F20 /* QueryBuilder.swift in Sources */,
				OBJ_88 /* ElasticSwift.swift in Sources */,
				06E71FF01EF7AC4000A9A3B2 /* Admin.swift in Sources */,
				OBJ_89 /* Errors.swift in Sources */,
				06E71FEC1EF7A1C500A9A3B2 /* Clusters.swift in Sources */,
				069290DA1EE3BD12001F7F20 /* QueryBuilders.swift in Sources */,
				06FA8DCF1EDDDE78003BC28C /* Response.swift in Sources */,
				06E71FE71EF78C3900A9A3B2 /* Utils.swift in Sources */,
				06E71FEE1EF7A87D00A9A3B2 /* IndicesRequests.swift in Sources */,
				OBJ_90 /* IndexRequest.swift in Sources */,
				06FA8DD51EDF5565003BC28C /* DeleteRequest.swift in Sources */,
				06FB58371FAE42B10067E4D7 /* ResponseSerialization.swift in Sources */,
				06FA8DD31EDF5556003BC28C /* UpdateRequest.swift in Sources */,
				OBJ_95 /* Transport.swift in Sources */,
			);
			runOnlyForDeploymentPostprocessing = 0;
		};
/* End PBXSourcesBuildPhase section */

/* Begin PBXTargetDependency section */
		OBJ_113 /* PBXTargetDependency */ = {
			isa = PBXTargetDependency;
			target = OBJ_80 /* ElasticSwift */;
			targetProxy = 06FA8DC41EDDD292003BC28C /* PBXContainerItemProxy */;
		};
/* End PBXTargetDependency section */

/* Begin XCBuildConfiguration section */
		OBJ_103 /* Debug */ = {
			isa = XCBuildConfiguration;
			buildSettings = {
				ALWAYS_EMBED_SWIFT_STANDARD_LIBRARIES = YES;
				FRAMEWORK_SEARCH_PATHS = (
					"$(inherited)",
					"$(PLATFORM_DIR)/Developer/Library/Frameworks",
				);
				HEADER_SEARCH_PATHS = "$(inherited)";
				INFOPLIST_FILE = ElasticSwift.xcodeproj/ElasticSwiftTests_Info.plist;
				LD_RUNPATH_SEARCH_PATHS = "@loader_path/../Frameworks @loader_path/Frameworks";
				OTHER_LDFLAGS = "$(inherited)";
				OTHER_SWIFT_FLAGS = "$(inherited)";
				SWIFT_SWIFT3_OBJC_INFERENCE = On;
				SWIFT_VERSION = 4.0;
				TARGET_NAME = ElasticSwiftTests;
			};
			name = Debug;
		};
		OBJ_104 /* Release */ = {
			isa = XCBuildConfiguration;
			buildSettings = {
				ALWAYS_EMBED_SWIFT_STANDARD_LIBRARIES = YES;
				FRAMEWORK_SEARCH_PATHS = (
					"$(inherited)",
					"$(PLATFORM_DIR)/Developer/Library/Frameworks",
				);
				HEADER_SEARCH_PATHS = "$(inherited)";
				INFOPLIST_FILE = ElasticSwift.xcodeproj/ElasticSwiftTests_Info.plist;
				LD_RUNPATH_SEARCH_PATHS = "@loader_path/../Frameworks @loader_path/Frameworks";
				OTHER_LDFLAGS = "$(inherited)";
				OTHER_SWIFT_FLAGS = "$(inherited)";
				SWIFT_SWIFT3_OBJC_INFERENCE = On;
				SWIFT_VERSION = 4.0;
				TARGET_NAME = ElasticSwiftTests;
			};
			name = Release;
		};
		OBJ_3 /* Debug */ = {
			isa = XCBuildConfiguration;
			buildSettings = {
				CLANG_ENABLE_OBJC_ARC = YES;
				CLANG_WARN_BLOCK_CAPTURE_AUTORELEASING = YES;
				CLANG_WARN_BOOL_CONVERSION = YES;
				CLANG_WARN_COMMA = YES;
				CLANG_WARN_CONSTANT_CONVERSION = YES;
				CLANG_WARN_EMPTY_BODY = YES;
				CLANG_WARN_ENUM_CONVERSION = YES;
				CLANG_WARN_INFINITE_RECURSION = YES;
				CLANG_WARN_INT_CONVERSION = YES;
				CLANG_WARN_NON_LITERAL_NULL_CONVERSION = YES;
				CLANG_WARN_OBJC_LITERAL_CONVERSION = YES;
				CLANG_WARN_RANGE_LOOP_ANALYSIS = YES;
				CLANG_WARN_STRICT_PROTOTYPES = YES;
				CLANG_WARN_SUSPICIOUS_MOVE = YES;
				CLANG_WARN_UNREACHABLE_CODE = YES;
				CLANG_WARN__DUPLICATE_METHOD_MATCH = YES;
				COMBINE_HIDPI_IMAGES = YES;
				COPY_PHASE_STRIP = NO;
				DEBUG_INFORMATION_FORMAT = dwarf;
				DYLIB_INSTALL_NAME_BASE = "@rpath";
				ENABLE_NS_ASSERTIONS = YES;
				ENABLE_STRICT_OBJC_MSGSEND = YES;
				ENABLE_TESTABILITY = YES;
				GCC_NO_COMMON_BLOCKS = YES;
				GCC_OPTIMIZATION_LEVEL = 0;
				GCC_WARN_64_TO_32_BIT_CONVERSION = YES;
				GCC_WARN_ABOUT_RETURN_TYPE = YES;
				GCC_WARN_UNDECLARED_SELECTOR = YES;
				GCC_WARN_UNINITIALIZED_AUTOS = YES;
				GCC_WARN_UNUSED_FUNCTION = YES;
				GCC_WARN_UNUSED_VARIABLE = YES;
				MACOSX_DEPLOYMENT_TARGET = 10.10;
				ONLY_ACTIVE_ARCH = YES;
				OTHER_SWIFT_FLAGS = "-DXcode";
				PRODUCT_NAME = "$(TARGET_NAME)";
				SDKROOT = macosx;
				SUPPORTED_PLATFORMS = "macosx iphoneos iphonesimulator appletvos appletvsimulator watchos watchsimulator";
				SWIFT_ACTIVE_COMPILATION_CONDITIONS = SWIFT_PACKAGE;
				SWIFT_OPTIMIZATION_LEVEL = "-Onone";
				SWIFT_VERSION = 3.0;
				USE_HEADERMAP = NO;
			};
			name = Debug;
		};
		OBJ_4 /* Release */ = {
			isa = XCBuildConfiguration;
			buildSettings = {
				CLANG_ENABLE_OBJC_ARC = YES;
				CLANG_WARN_BLOCK_CAPTURE_AUTORELEASING = YES;
				CLANG_WARN_BOOL_CONVERSION = YES;
				CLANG_WARN_COMMA = YES;
				CLANG_WARN_CONSTANT_CONVERSION = YES;
				CLANG_WARN_EMPTY_BODY = YES;
				CLANG_WARN_ENUM_CONVERSION = YES;
				CLANG_WARN_INFINITE_RECURSION = YES;
				CLANG_WARN_INT_CONVERSION = YES;
				CLANG_WARN_NON_LITERAL_NULL_CONVERSION = YES;
				CLANG_WARN_OBJC_LITERAL_CONVERSION = YES;
				CLANG_WARN_RANGE_LOOP_ANALYSIS = YES;
				CLANG_WARN_STRICT_PROTOTYPES = YES;
				CLANG_WARN_SUSPICIOUS_MOVE = YES;
				CLANG_WARN_UNREACHABLE_CODE = YES;
				CLANG_WARN__DUPLICATE_METHOD_MATCH = YES;
				COMBINE_HIDPI_IMAGES = YES;
				COPY_PHASE_STRIP = YES;
				DEBUG_INFORMATION_FORMAT = "dwarf-with-dsym";
				DYLIB_INSTALL_NAME_BASE = "@rpath";
				ENABLE_STRICT_OBJC_MSGSEND = YES;
				GCC_NO_COMMON_BLOCKS = YES;
				GCC_OPTIMIZATION_LEVEL = s;
				GCC_WARN_64_TO_32_BIT_CONVERSION = YES;
				GCC_WARN_ABOUT_RETURN_TYPE = YES;
				GCC_WARN_UNDECLARED_SELECTOR = YES;
				GCC_WARN_UNINITIALIZED_AUTOS = YES;
				GCC_WARN_UNUSED_FUNCTION = YES;
				GCC_WARN_UNUSED_VARIABLE = YES;
				MACOSX_DEPLOYMENT_TARGET = 10.10;
				OTHER_SWIFT_FLAGS = "-DXcode";
				PRODUCT_NAME = "$(TARGET_NAME)";
				SDKROOT = macosx;
				SUPPORTED_PLATFORMS = "macosx iphoneos iphonesimulator appletvos appletvsimulator watchos watchsimulator";
				SWIFT_ACTIVE_COMPILATION_CONDITIONS = SWIFT_PACKAGE;
				SWIFT_OPTIMIZATION_LEVEL = "-Owholemodule";
				SWIFT_VERSION = 3.0;
				USE_HEADERMAP = NO;
			};
			name = Release;
		};
		OBJ_82 /* Debug */ = {
			isa = XCBuildConfiguration;
			buildSettings = {
				CODE_SIGN_IDENTITY = "";
				DEVELOPMENT_TEAM = QW3346JMC7;
				ENABLE_TESTABILITY = YES;
				FRAMEWORK_SEARCH_PATHS = (
					"$(inherited)",
					"$(PLATFORM_DIR)/Developer/Library/Frameworks",
				);
				HEADER_SEARCH_PATHS = "$(inherited)";
				INFOPLIST_FILE = ElasticSwift.xcodeproj/ElasticSwift_Info.plist;
				LD_RUNPATH_SEARCH_PATHS = "$(TOOLCHAIN_DIR)/usr/lib/swift/macosx";
				MACOSX_DEPLOYMENT_TARGET = 10.10;
				OTHER_LDFLAGS = "$(inherited)";
				OTHER_SWIFT_FLAGS = "$(inherited)";
				PRODUCT_BUNDLE_IDENTIFIER = ElasticSwift;
				PRODUCT_MODULE_NAME = "$(TARGET_NAME:c99extidentifier)";
				PRODUCT_NAME = "$(TARGET_NAME:c99extidentifier)";
				PROVISIONING_PROFILE_SPECIFIER = "";
				SKIP_INSTALL = YES;
				SWIFT_SWIFT3_OBJC_INFERENCE = On;
				SWIFT_VERSION = 4.0;
				TARGET_NAME = ElasticSwift;
			};
			name = Debug;
		};
		OBJ_83 /* Release */ = {
			isa = XCBuildConfiguration;
			buildSettings = {
				CODE_SIGN_IDENTITY = "";
				DEVELOPMENT_TEAM = QW3346JMC7;
				ENABLE_TESTABILITY = YES;
				FRAMEWORK_SEARCH_PATHS = (
					"$(inherited)",
					"$(PLATFORM_DIR)/Developer/Library/Frameworks",
				);
				HEADER_SEARCH_PATHS = "$(inherited)";
				INFOPLIST_FILE = ElasticSwift.xcodeproj/ElasticSwift_Info.plist;
				LD_RUNPATH_SEARCH_PATHS = "$(TOOLCHAIN_DIR)/usr/lib/swift/macosx";
				MACOSX_DEPLOYMENT_TARGET = 10.10;
				OTHER_LDFLAGS = "$(inherited)";
				OTHER_SWIFT_FLAGS = "$(inherited)";
				PRODUCT_BUNDLE_IDENTIFIER = ElasticSwift;
				PRODUCT_MODULE_NAME = "$(TARGET_NAME:c99extidentifier)";
				PRODUCT_NAME = "$(TARGET_NAME:c99extidentifier)";
				PROVISIONING_PROFILE_SPECIFIER = "";
				SKIP_INSTALL = YES;
				SWIFT_SWIFT3_OBJC_INFERENCE = On;
				SWIFT_VERSION = 4.0;
				TARGET_NAME = ElasticSwift;
			};
			name = Release;
		};
/* End XCBuildConfiguration section */

/* Begin XCConfigurationList section */
		OBJ_102 /* Build configuration list for PBXNativeTarget "ElasticSwiftTests" */ = {
			isa = XCConfigurationList;
			buildConfigurations = (
				OBJ_103 /* Debug */,
				OBJ_104 /* Release */,
			);
			defaultConfigurationIsVisible = 0;
			defaultConfigurationName = Debug;
		};
		OBJ_2 /* Build configuration list for PBXProject "ElasticSwift" */ = {
			isa = XCConfigurationList;
			buildConfigurations = (
				OBJ_3 /* Debug */,
				OBJ_4 /* Release */,
			);
			defaultConfigurationIsVisible = 0;
			defaultConfigurationName = Debug;
		};
		OBJ_81 /* Build configuration list for PBXNativeTarget "ElasticSwift" */ = {
			isa = XCConfigurationList;
			buildConfigurations = (
				OBJ_82 /* Debug */,
				OBJ_83 /* Release */,
			);
			defaultConfigurationIsVisible = 0;
			defaultConfigurationName = Debug;
		};
/* End XCConfigurationList section */
	};
	rootObject = OBJ_1 /* Project object */;
}
